// !$*UTF8*$!
{
	archiveVersion = 1;
	classes = {
	};
	objectVersion = 46;
	objects = {

/* Begin PBXBuildFile section */
		2D1FB6231D95F72D0095BDD1 /* main.m in Sources */ = {isa = PBXBuildFile; fileRef = 2D1FB6221D95F72D0095BDD1 /* main.m */; };
		2D1FB6261D95F72D0095BDD1 /* AppDelegate.m in Sources */ = {isa = PBXBuildFile; fileRef = 2D1FB6251D95F72D0095BDD1 /* AppDelegate.m */; };
		2D1FB6291D95F72D0095BDD1 /* ViewController.m in Sources */ = {isa = PBXBuildFile; fileRef = 2D1FB6281D95F72D0095BDD1 /* ViewController.m */; };
		2D1FB62C1D95F72D0095BDD1 /* Main.storyboard in Resources */ = {isa = PBXBuildFile; fileRef = 2D1FB62A1D95F72D0095BDD1 /* Main.storyboard */; };
		2D1FB62E1D95F72D0095BDD1 /* Images.xcassets in Resources */ = {isa = PBXBuildFile; fileRef = 2D1FB62D1D95F72D0095BDD1 /* Images.xcassets */; };
		2D1FB6311D95F72D0095BDD1 /* LaunchScreen.xib in Resources */ = {isa = PBXBuildFile; fileRef = 2D1FB62F1D95F72D0095BDD1 /* LaunchScreen.xib */; };
		2D1FB63D1D95F72D0095BDD1 /* BasicOpenGLAppTests.m in Sources */ = {isa = PBXBuildFile; fileRef = 2D1FB63C1D95F72D0095BDD1 /* BasicOpenGLAppTests.m */; };
/* End PBXBuildFile section */

/* Begin PBXContainerItemProxy section */
		2D1FB6371D95F72D0095BDD1 /* PBXContainerItemProxy */ = {
			isa = PBXContainerItemProxy;
			containerPortal = 2D1FB6151D95F72D0095BDD1 /* Project object */;
			proxyType = 1;
			remoteGlobalIDString = 2D1FB61C1D95F72D0095BDD1;
			remoteInfo = BasicOpenGLApp;
		};
/* End PBXContainerItemProxy section */

/* Begin PBXFileReference section */
		2D1FB61D1D95F72D0095BDD1 /* BasicOpenGLApp.app */ = {isa = PBXFileReference; explicitFileType = wrapper.application; includeInIndex = 0; path = BasicOpenGLApp.app; sourceTree = BUILT_PRODUCTS_DIR; };
		2D1FB6211D95F72D0095BDD1 /* Info.plist */ = {isa = PBXFileReference; lastKnownFileType = text.plist.xml; path = Info.plist; sourceTree = "<group>"; };
		2D1FB6221D95F72D0095BDD1 /* main.m */ = {isa = PBXFileReference; lastKnownFileType = sourcecode.c.objc; path = main.m; sourceTree = "<group>"; };
		2D1FB6241D95F72D0095BDD1 /* AppDelegate.h */ = {isa = PBXFileReference; lastKnownFileType = sourcecode.c.h; path = AppDelegate.h; sourceTree = "<group>"; };
		2D1FB6251D95F72D0095BDD1 /* AppDelegate.m */ = {isa = PBXFileReference; lastKnownFileType = sourcecode.c.objc; path = AppDelegate.m; sourceTree = "<group>"; };
		2D1FB6271D95F72D0095BDD1 /* ViewController.h */ = {isa = PBXFileReference; lastKnownFileType = sourcecode.c.h; path = ViewController.h; sourceTree = "<group>"; };
		2D1FB6281D95F72D0095BDD1 /* ViewController.m */ = {isa = PBXFileReference; lastKnownFileType = sourcecode.c.objc; path = ViewController.m; sourceTree = "<group>"; };
		2D1FB62B1D95F72D0095BDD1 /* Base */ = {isa = PBXFileReference; lastKnownFileType = file.storyboard; name = Base; path = Base.lproj/Main.storyboard; sourceTree = "<group>"; };
		2D1FB62D1D95F72D0095BDD1 /* Images.xcassets */ = {isa = PBXFileReference; lastKnownFileType = folder.assetcatalog; path = Images.xcassets; sourceTree = "<group>"; };
		2D1FB6301D95F72D0095BDD1 /* Base */ = {isa = PBXFileReference; lastKnownFileType = file.xib; name = Base; path = Base.lproj/LaunchScreen.xib; sourceTree = "<group>"; };
		2D1FB6361D95F72D0095BDD1 /* BasicOpenGLAppTests.xctest */ = {isa = PBXFileReference; explicitFileType = wrapper.cfbundle; includeInIndex = 0; path = BasicOpenGLAppTests.xctest; sourceTree = BUILT_PRODUCTS_DIR; };
		2D1FB63B1D95F72D0095BDD1 /* Info.plist */ = {isa = PBXFileReference; lastKnownFileType = text.plist.xml; path = Info.plist; sourceTree = "<group>"; };
		2D1FB63C1D95F72D0095BDD1 /* BasicOpenGLAppTests.m */ = {isa = PBXFileReference; lastKnownFileType = sourcecode.c.objc; path = BasicOpenGLAppTests.m; sourceTree = "<group>"; };
/* End PBXFileReference section */

/* Begin PBXFrameworksBuildPhase section */
		2D1FB61A1D95F72D0095BDD1 /* Frameworks */ = {
			isa = PBXFrameworksBuildPhase;
			buildActionMask = 2147483647;
			files = (
			);
			runOnlyForDeploymentPostprocessing = 0;
		};
		2D1FB6331D95F72D0095BDD1 /* Frameworks */ = {
			isa = PBXFrameworksBuildPhase;
			buildActionMask = 2147483647;
			files = (
			);
			runOnlyForDeploymentPostprocessing = 0;
		};
/* End PBXFrameworksBuildPhase section */

/* Begin PBXGroup section */
		2D1FB6141D95F72D0095BDD1 = {
			isa = PBXGroup;
			children = (
				2D1FB61F1D95F72D0095BDD1 /* BasicOpenGLApp */,
				2D1FB6391D95F72D0095BDD1 /* BasicOpenGLAppTests */,
				2D1FB61E1D95F72D0095BDD1 /* Products */,
			);
			sourceTree = "<group>";
		};
		2D1FB61E1D95F72D0095BDD1 /* Products */ = {
			isa = PBXGroup;
			children = (
				2D1FB61D1D95F72D0095BDD1 /* BasicOpenGLApp.app */,
				2D1FB6361D95F72D0095BDD1 /* BasicOpenGLAppTests.xctest */,
			);
			name = Products;
			sourceTree = "<group>";
		};
		2D1FB61F1D95F72D0095BDD1 /* BasicOpenGLApp */ = {
			isa = PBXGroup;
			children = (
				2D1FB6241D95F72D0095BDD1 /* AppDelegate.h */,
				2D1FB6251D95F72D0095BDD1 /* AppDelegate.m */,
				2D1FB6271D95F72D0095BDD1 /* ViewController.h */,
				2D1FB6281D95F72D0095BDD1 /* ViewController.m */,
				2D1FB62A1D95F72D0095BDD1 /* Main.storyboard */,
				2D1FB62D1D95F72D0095BDD1 /* Images.xcassets */,
				2D1FB62F1D95F72D0095BDD1 /* LaunchScreen.xib */,
				2D1FB6201D95F72D0095BDD1 /* Supporting Files */,
			);
			path = BasicOpenGLApp;
			sourceTree = "<group>";
		};
		2D1FB6201D95F72D0095BDD1 /* Supporting Files */ = {
			isa = PBXGroup;
			children = (
				2D1FB6211D95F72D0095BDD1 /* Info.plist */,
				2D1FB6221D95F72D0095BDD1 /* main.m */,
			);
			name = "Supporting Files";
			sourceTree = "<group>";
		};
		2D1FB6391D95F72D0095BDD1 /* BasicOpenGLAppTests */ = {
			isa = PBXGroup;
			children = (
				2D1FB63C1D95F72D0095BDD1 /* BasicOpenGLAppTests.m */,
				2D1FB63A1D95F72D0095BDD1 /* Supporting Files */,
			);
			path = BasicOpenGLAppTests;
			sourceTree = "<group>";
		};
		2D1FB63A1D95F72D0095BDD1 /* Supporting Files */ = {
			isa = PBXGroup;
			children = (
				2D1FB63B1D95F72D0095BDD1 /* Info.plist */,
			);
			name = "Supporting Files";
			sourceTree = "<group>";
		};
/* End PBXGroup section */

/* Begin PBXNativeTarget section */
		2D1FB61C1D95F72D0095BDD1 /* BasicOpenGLApp */ = {
			isa = PBXNativeTarget;
			buildConfigurationList = 2D1FB6401D95F72D0095BDD1 /* Build configuration list for PBXNativeTarget "BasicOpenGLApp" */;
			buildPhases = (
				2D1FB6191D95F72D0095BDD1 /* Sources */,
				2D1FB61A1D95F72D0095BDD1 /* Frameworks */,
				2D1FB61B1D95F72D0095BDD1 /* Resources */,
			);
			buildRules = (
			);
			dependencies = (
			);
			name = BasicOpenGLApp;
			productName = BasicOpenGLApp;
			productReference = 2D1FB61D1D95F72D0095BDD1 /* BasicOpenGLApp.app */;
			productType = "com.apple.product-type.application";
		};
		2D1FB6351D95F72D0095BDD1 /* BasicOpenGLAppTests */ = {
			isa = PBXNativeTarget;
			buildConfigurationList = 2D1FB6431D95F72D0095BDD1 /* Build configuration list for PBXNativeTarget "BasicOpenGLAppTests" */;
			buildPhases = (
				2D1FB6321D95F72D0095BDD1 /* Sources */,
				2D1FB6331D95F72D0095BDD1 /* Frameworks */,
				2D1FB6341D95F72D0095BDD1 /* Resources */,
			);
			buildRules = (
			);
			dependencies = (
				2D1FB6381D95F72D0095BDD1 /* PBXTargetDependency */,
			);
			name = BasicOpenGLAppTests;
			productName = BasicOpenGLAppTests;
			productReference = 2D1FB6361D95F72D0095BDD1 /* BasicOpenGLAppTests.xctest */;
			productType = "com.apple.product-type.bundle.unit-test";
		};
/* End PBXNativeTarget section */

/* Begin PBXProject section */
		2D1FB6151D95F72D0095BDD1 /* Project object */ = {
			isa = PBXProject;
			attributes = {
				LastUpgradeCheck = 0640;
				ORGANIZATIONNAME = droid;
				TargetAttributes = {
					2D1FB61C1D95F72D0095BDD1 = {
						CreatedOnToolsVersion = 6.4;
					};
					2D1FB6351D95F72D0095BDD1 = {
						CreatedOnToolsVersion = 6.4;
						TestTargetID = 2D1FB61C1D95F72D0095BDD1;
					};
				};
			};
			buildConfigurationList = 2D1FB6181D95F72D0095BDD1 /* Build configuration list for PBXProject "BasicOpenGLApp" */;
			compatibilityVersion = "Xcode 3.2";
			developmentRegion = English;
			hasScannedForEncodings = 0;
			knownRegions = (
				en,
				Base,
			);
			mainGroup = 2D1FB6141D95F72D0095BDD1;
			productRefGroup = 2D1FB61E1D95F72D0095BDD1 /* Products */;
			projectDirPath = "";
			projectRoot = "";
			targets = (
				2D1FB61C1D95F72D0095BDD1 /* BasicOpenGLApp */,
				2D1FB6351D95F72D0095BDD1 /* BasicOpenGLAppTests */,
			);
		};
/* End PBXProject section */

/* Begin PBXResourcesBuildPhase section */
		2D1FB61B1D95F72D0095BDD1 /* Resources */ = {
			isa = PBXResourcesBuildPhase;
			buildActionMask = 2147483647;
			files = (
				2D1FB62C1D95F72D0095BDD1 /* Main.storyboard in Resources */,
				2D1FB6311D95F72D0095BDD1 /* LaunchScreen.xib in Resources */,
				2D1FB62E1D95F72D0095BDD1 /* Images.xcassets in Resources */,
			);
			runOnlyForDeploymentPostprocessing = 0;
		};
		2D1FB6341D95F72D0095BDD1 /* Resources */ = {
			isa = PBXResourcesBuildPhase;
			buildActionMask = 2147483647;
			files = (
			);
			runOnlyForDeploymentPostprocessing = 0;
		};
/* End PBXResourcesBuildPhase section */

/* Begin PBXSourcesBuildPhase section */
		2D1FB6191D95F72D0095BDD1 /* Sources */ = {
			isa = PBXSourcesBuildPhase;
			buildActionMask = 2147483647;
			files = (
				2D1FB6291D95F72D0095BDD1 /* ViewController.m in Sources */,
				2D1FB6261D95F72D0095BDD1 /* AppDelegate.m in Sources */,
				2D1FB6231D95F72D0095BDD1 /* main.m in Sources */,
			);
			runOnlyForDeploymentPostprocessing = 0;
		};
		2D1FB6321D95F72D0095BDD1 /* Sources */ = {
			isa = PBXSourcesBuildPhase;
			buildActionMask = 2147483647;
			files = (
				2D1FB63D1D95F72D0095BDD1 /* BasicOpenGLAppTests.m in Sources */,
			);
			runOnlyForDeploymentPostprocessing = 0;
		};
/* End PBXSourcesBuildPhase section */

/* Begin PBXTargetDependency section */
		2D1FB6381D95F72D0095BDD1 /* PBXTargetDependency */ = {
			isa = PBXTargetDependency;
			target = 2D1FB61C1D95F72D0095BDD1 /* BasicOpenGLApp */;
			targetProxy = 2D1FB6371D95F72D0095BDD1 /* PBXContainerItemProxy */;
		};
/* End PBXTargetDependency section */

/* Begin PBXVariantGroup section */
		2D1FB62A1D95F72D0095BDD1 /* Main.storyboard */ = {
			isa = PBXVariantGroup;
			children = (
				2D1FB62B1D95F72D0095BDD1 /* Base */,
			);
			name = Main.storyboard;
			sourceTree = "<group>";
		};
		2D1FB62F1D95F72D0095BDD1 /* LaunchScreen.xib */ = {
			isa = PBXVariantGroup;
			children = (
				2D1FB6301D95F72D0095BDD1 /* Base */,
			);
			name = LaunchScreen.xib;
			sourceTree = "<group>";
		};
/* End PBXVariantGroup section */

/* Begin XCBuildConfiguration section */
		2D1FB63E1D95F72D0095BDD1 /* Debug */ = {
			isa = XCBuildConfiguration;
			buildSettings = {
				ALWAYS_SEARCH_USER_PATHS = NO;
				CLANG_CXX_LANGUAGE_STANDARD = "gnu++0x";
				CLANG_CXX_LIBRARY = "libc++";
				CLANG_ENABLE_MODULES = YES;
				CLANG_ENABLE_OBJC_ARC = YES;
				CLANG_WARN_BOOL_CONVERSION = YES;
				CLANG_WARN_CONSTANT_CONVERSION = YES;
				CLANG_WARN_DIRECT_OBJC_ISA_USAGE = YES_ERROR;
				CLANG_WARN_EMPTY_BODY = YES;
				CLANG_WARN_ENUM_CONVERSION = YES;
				CLANG_WARN_INT_CONVERSION = YES;
				CLANG_WARN_OBJC_ROOT_CLASS = YES_ERROR;
				CLANG_WARN_UNREACHABLE_CODE = YES;
				CLANG_WARN__DUPLICATE_METHOD_MATCH = YES;
				"CODE_SIGN_IDENTITY[sdk=iphoneos*]" = "iPhone Developer";
				COPY_PHASE_STRIP = NO;
				DEBUG_INFORMATION_FORMAT = "dwarf-with-dsym";
				ENABLE_STRICT_OBJC_MSGSEND = YES;
				GCC_C_LANGUAGE_STANDARD = gnu99;
				GCC_DYNAMIC_NO_PIC = NO;
				GCC_NO_COMMON_BLOCKS = YES;
				GCC_OPTIMIZATION_LEVEL = 0;
				GCC_PREPROCESSOR_DEFINITIONS = (
					"DEBUG=1",
					"$(inherited)",
				);
				GCC_SYMBOLS_PRIVATE_EXTERN = NO;
				GCC_WARN_64_TO_32_BIT_CONVERSION = YES;
				GCC_WARN_ABOUT_RETURN_TYPE = YES_ERROR;
				GCC_WARN_UNDECLARED_SELECTOR = YES;
				GCC_WARN_UNINITIALIZED_AUTOS = YES_AGGRESSIVE;
				GCC_WARN_UNUSED_FUNCTION = YES;
				GCC_WARN_UNUSED_VARIABLE = YES;
				IPHONEOS_DEPLOYMENT_TARGET = 8.4;
				MTL_ENABLE_DEBUG_INFO = YES;
				ONLY_ACTIVE_ARCH = YES;
				SDKROOT = iphoneos;
				TARGETED_DEVICE_FAMILY = "1,2";
			};
			name = Debug;
		};
		2D1FB63F1D95F72D0095BDD1 /* Release */ = {
			isa = XCBuildConfiguration;
			buildSettings = {
				ALWAYS_SEARCH_USER_PATHS = NO;
				CLANG_CXX_LANGUAGE_STANDARD = "gnu++0x";
				CLANG_CXX_LIBRARY = "libc++";
				CLANG_ENABLE_MODULES = YES;
				CLANG_ENABLE_OBJC_ARC = YES;
				CLANG_WARN_BOOL_CONVERSION = YES;
				CLANG_WARN_CONSTANT_CONVERSION = YES;
				CLANG_WARN_DIRECT_OBJC_ISA_USAGE = YES_ERROR;
				CLANG_WARN_EMPTY_BODY = YES;
				CLANG_WARN_ENUM_CONVERSION = YES;
				CLANG_WARN_INT_CONVERSION = YES;
				CLANG_WARN_OBJC_ROOT_CLASS = YES_ERROR;
				CLANG_WARN_UNREACHABLE_CODE = YES;
				CLANG_WARN__DUPLICATE_METHOD_MATCH = YES;
				"CODE_SIGN_IDENTITY[sdk=iphoneos*]" = "iPhone Developer";
				COPY_PHASE_STRIP = NO;
				DEBUG_INFORMATION_FORMAT = "dwarf-with-dsym";
				ENABLE_NS_ASSERTIONS = NO;
				ENABLE_STRICT_OBJC_MSGSEND = YES;
				GCC_C_LANGUAGE_STANDARD = gnu99;
				GCC_NO_COMMON_BLOCKS = YES;
				GCC_WARN_64_TO_32_BIT_CONVERSION = YES;
				GCC_WARN_ABOUT_RETURN_TYPE = YES_ERROR;
				GCC_WARN_UNDECLARED_SELECTOR = YES;
				GCC_WARN_UNINITIALIZED_AUTOS = YES_AGGRESSIVE;
				GCC_WARN_UNUSED_FUNCTION = YES;
				GCC_WARN_UNUSED_VARIABLE = YES;
				IPHONEOS_DEPLOYMENT_TARGET = 8.4;
				MTL_ENABLE_DEBUG_INFO = NO;
				SDKROOT = iphoneos;
				TARGETED_DEVICE_FAMILY = "1,2";
				VALIDATE_PRODUCT = YES;
			};
			name = Release;
		};
		2D1FB6411D95F72D0095BDD1 /* Debug */ = {
			isa = XCBuildConfiguration;
			buildSettings = {
				ASSETCATALOG_COMPILER_APPICON_NAME = AppIcon;
				INFOPLIST_FILE = BasicOpenGLApp/Info.plist;
				LD_RUNPATH_SEARCH_PATHS = "$(inherited) @executable_path/Frameworks";
				PRODUCT_NAME = "$(TARGET_NAME)";
			};
			name = Debug;
		};
		2D1FB6421D95F72D0095BDD1 /* Release */ = {
			isa = XCBuildConfiguration;
			buildSettings = {
				ASSETCATALOG_COMPILER_APPICON_NAME = AppIcon;
				INFOPLIST_FILE = BasicOpenGLApp/Info.plist;
				LD_RUNPATH_SEARCH_PATHS = "$(inherited) @executable_path/Frameworks";
				PRODUCT_NAME = "$(TARGET_NAME)";
			};
			name = Release;
		};
		2D1FB6441D95F72D0095BDD1 /* Debug */ = {
			isa = XCBuildConfiguration;
			buildSettings = {
				BUNDLE_LOADER = "$(TEST_HOST)";
				FRAMEWORK_SEARCH_PATHS = (
					"$(SDKROOT)/Developer/Library/Frameworks",
					"$(inherited)",
				);
				GCC_PREPROCESSOR_DEFINITIONS = (
					"DEBUG=1",
					"$(inherited)",
				);
				INFOPLIST_FILE = BasicOpenGLAppTests/Info.plist;
				LD_RUNPATH_SEARCH_PATHS = "$(inherited) @executable_path/Frameworks @loader_path/Frameworks";
				PRODUCT_NAME = "$(TARGET_NAME)";
				TEST_HOST = "$(BUILT_PRODUCTS_DIR)/BasicOpenGLApp.app/BasicOpenGLApp";
			};
			name = Debug;
		};
		2D1FB6451D95F72D0095BDD1 /* Release */ = {
			isa = XCBuildConfiguration;
			buildSettings = {
				BUNDLE_LOADER = "$(TEST_HOST)";
				FRAMEWORK_SEARCH_PATHS = (
					"$(SDKROOT)/Developer/Library/Frameworks",
					"$(inherited)",
				);
				INFOPLIST_FILE = BasicOpenGLAppTests/Info.plist;
				LD_RUNPATH_SEARCH_PATHS = "$(inherited) @executable_path/Frameworks @loader_path/Frameworks";
				PRODUCT_NAME = "$(TARGET_NAME)";
				TEST_HOST = "$(BUILT_PRODUCTS_DIR)/BasicOpenGLApp.app/BasicOpenGLApp";
			};
			name = Release;
		};
/* End XCBuildConfiguration section */

/* Begin XCConfigurationList section */
		2D1FB6181D95F72D0095BDD1 /* Build configuration list for PBXProject "BasicOpenGLApp" */ = {
			isa = XCConfigurationList;
			buildConfigurations = (
				2D1FB63E1D95F72D0095BDD1 /* Debug */,
				2D1FB63F1D95F72D0095BDD1 /* Release */,
			);
			defaultConfigurationIsVisible = 0;
			defaultConfigurationName = Release;
		};
		2D1FB6401D95F72D0095BDD1 /* Build configuration list for PBXNativeTarget "BasicOpenGLApp" */ = {
			isa = XCConfigurationList;
			buildConfigurations = (
				2D1FB6411D95F72D0095BDD1 /* Debug */,
				2D1FB6421D95F72D0095BDD1 /* Release */,
			);
			defaultConfigurationIsVisible = 0;
		};
		2D1FB6431D95F72D0095BDD1 /* Build configuration list for PBXNativeTarget "BasicOpenGLAppTests" */ = {
			isa = XCConfigurationList;
			buildConfigurations = (
				2D1FB6441D95F72D0095BDD1 /* Debug */,
				2D1FB6451D95F72D0095BDD1 /* Release */,
			);
			defaultConfigurationIsVisible = 0;
		};
/* End XCConfigurationList section */
	};
	rootObject = 2D1FB6151D95F72D0095BDD1 /* Project object */;
}
